
Microsoft Visual Studio Solution File, Format Version 12.00
# Visual Studio Version 17
VisualStudioVersion = 17.6.33712.159
MinimumVisualStudioVersion = 10.0.40219.1
Project("{8BC9CEB8-8B4A-11D0-8D11-00A0C91BC942}") = "huck memory", "huck memory\huck memory.vcxproj", "{89F0DB30-F37E-469C-80FE-FE215213D806}"
EndProject
Global
	GlobalSection(SolutionConfigurationPlatforms) = preSolution
		Debug|x64 = Debug|x64
		Debug|x86 = Debug|x86
		Release|x64 = Release|x64
		Release|x86 = Release|x86
	EndGlobalSection
	GlobalSection(ProjectConfigurationPlatforms) = postSolution
		{89F0DB30-F37E-469C-80FE-FE215213D806}.Debug|x64.ActiveCfg = Debug|x64
		{89F0DB30-F37E-469C-80FE-FE215213D806}.Debug|x64.Build.0 = Debug|x64
		{89F0DB30-F37E-469C-80FE-FE215213D806}.Debug|x86.ActiveCfg = Debug|Win32
		{89F0DB30-F37E-469C-80FE-FE215213D806}.Debug|x86.Build.0 = Debug|Win32
		{89F0DB30-F37E-469C-80FE-FE215213D806}.Release|x64.ActiveCfg = Release|x64
		{89F0DB30-F37E-469C-80FE-FE215213D806}.Release|x64.Build.0 = Release|x64
		{89F0DB30-F37E-469C-80FE-FE215213D806}.Release|x86.ActiveCfg = Release|Win32
		{89F0DB30-F37E-469C-80FE-FE215213D806}.Release|x86.Build.0 = Release|Win32
	EndGlobalSection
	GlobalSection(SolutionProperties) = preSolution
		HideSolutionNode = FALSE
	EndGlobalSection
	GlobalSection(ExtensibilityGlobals) = postSolution
		SolutionGuid = {33C17FDF-CB3A-42C4-AD12-3BA91A180BEE}
	EndGlobalSection
EndGlobal
